// !$*UTF8*$!
{
	archiveVersion = 1;
	classes = {
	};
	objectVersion = 56;
	objects = {

/* Begin PBXBuildFile section */
		E4092FD02B7B6083000B17B3 /* GameState.swift in Sources */ = {isa = PBXBuildFile; fileRef = E4092FCF2B7B6083000B17B3 /* GameState.swift */; };
		E484E2CF2B7A1AEB0012947D /* GeminiMurderMysteryApp.swift in Sources */ = {isa = PBXBuildFile; fileRef = E484E2CE2B7A1AEB0012947D /* GeminiMurderMysteryApp.swift */; };
		E484E2D12B7A1AEB0012947D /* ContentView.swift in Sources */ = {isa = PBXBuildFile; fileRef = E484E2D02B7A1AEB0012947D /* ContentView.swift */; };
		E484E2D32B7A1AED0012947D /* Assets.xcassets in Resources */ = {isa = PBXBuildFile; fileRef = E484E2D22B7A1AED0012947D /* Assets.xcassets */; };
		E484E2D62B7A1AED0012947D /* Preview Assets.xcassets in Resources */ = {isa = PBXBuildFile; fileRef = E484E2D52B7A1AED0012947D /* Preview Assets.xcassets */; };
		E484E2DD2B7A27340012947D /* TypewriterView.swift in Sources */ = {isa = PBXBuildFile; fileRef = E484E2DC2B7A27340012947D /* TypewriterView.swift */; };
		E4C708E62B7A41BC00035B1A /* GoogleGenerativeAI in Frameworks */ = {isa = PBXBuildFile; productRef = E4C708E52B7A41BC00035B1A /* GoogleGenerativeAI */; };
		E4C708EA2B7A424500035B1A /* GenerativeAI-Info.plist in Resources */ = {isa = PBXBuildFile; fileRef = E4C708E82B7A424500035B1A /* GenerativeAI-Info.plist */; };
		E4C708EB2B7A424500035B1A /* APIKey.swift in Sources */ = {isa = PBXBuildFile; fileRef = E4C708E92B7A424500035B1A /* APIKey.swift */; };
/* End PBXBuildFile section */

/* Begin PBXFileReference section */
		E4092FCF2B7B6083000B17B3 /* GameState.swift */ = {isa = PBXFileReference; lastKnownFileType = sourcecode.swift; path = GameState.swift; sourceTree = "<group>"; };
		E484E2CB2B7A1AEA0012947D /* GeminiMurderMystery.app */ = {isa = PBXFileReference; explicitFileType = wrapper.application; includeInIndex = 0; path = GeminiMurderMystery.app; sourceTree = BUILT_PRODUCTS_DIR; };
		E484E2CE2B7A1AEB0012947D /* GeminiMurderMysteryApp.swift */ = {isa = PBXFileReference; lastKnownFileType = sourcecode.swift; path = GeminiMurderMysteryApp.swift; sourceTree = "<group>"; };
		E484E2D02B7A1AEB0012947D /* ContentView.swift */ = {isa = PBXFileReference; lastKnownFileType = sourcecode.swift; path = ContentView.swift; sourceTree = "<group>"; };
		E484E2D22B7A1AED0012947D /* Assets.xcassets */ = {isa = PBXFileReference; lastKnownFileType = folder.assetcatalog; path = Assets.xcassets; sourceTree = "<group>"; };
		E484E2D52B7A1AED0012947D /* Preview Assets.xcassets */ = {isa = PBXFileReference; lastKnownFileType = folder.assetcatalog; path = "Preview Assets.xcassets"; sourceTree = "<group>"; };
		E484E2DC2B7A27340012947D /* TypewriterView.swift */ = {isa = PBXFileReference; lastKnownFileType = sourcecode.swift; path = TypewriterView.swift; sourceTree = "<group>"; };
		E4C708E82B7A424500035B1A /* GenerativeAI-Info.plist */ = {isa = PBXFileReference; fileEncoding = 4; lastKnownFileType = text.plist.xml; path = "GenerativeAI-Info.plist"; sourceTree = "<group>"; };
		E4C708E92B7A424500035B1A /* APIKey.swift */ = {isa = PBXFileReference; fileEncoding = 4; lastKnownFileType = sourcecode.swift; path = APIKey.swift; sourceTree = "<group>"; };
/* End PBXFileReference section */

/* Begin PBXFrameworksBuildPhase section */
		E484E2C82B7A1AEA0012947D /* Frameworks */ = {
			isa = PBXFrameworksBuildPhase;
			buildActionMask = 2147483647;
			files = (
				E4C708E62B7A41BC00035B1A /* GoogleGenerativeAI in Frameworks */,
			);
			runOnlyForDeploymentPostprocessing = 0;
		};
/* End PBXFrameworksBuildPhase section */

/* Begin PBXGroup section */
		E484E2C22B7A1AEA0012947D = {
			isa = PBXGroup;
			children = (
				E484E2CD2B7A1AEB0012947D /* GeminiMurderMystery */,
				E484E2CC2B7A1AEA0012947D /* Products */,
			);
			sourceTree = "<group>";
		};
		E484E2CC2B7A1AEA0012947D /* Products */ = {
			isa = PBXGroup;
			children = (
				E484E2CB2B7A1AEA0012947D /* GeminiMurderMystery.app */,
			);
			name = Products;
			sourceTree = "<group>";
		};
		E484E2CD2B7A1AEB0012947D /* GeminiMurderMystery */ = {
			isa = PBXGroup;
			children = (
				E484E2CE2B7A1AEB0012947D /* GeminiMurderMysteryApp.swift */,
				E484E2D02B7A1AEB0012947D /* ContentView.swift */,
				E484E2DC2B7A27340012947D /* TypewriterView.swift */,
				E4092FCF2B7B6083000B17B3 /* GameState.swift */,
				E4C708E72B7A424500035B1A /* Config */,
				E484E2D22B7A1AED0012947D /* Assets.xcassets */,
				E484E2D42B7A1AED0012947D /* Preview Content */,
			);
			path = GeminiMurderMystery;
			sourceTree = "<group>";
		};
		E484E2D42B7A1AED0012947D /* Preview Content */ = {
			isa = PBXGroup;
			children = (
				E484E2D52B7A1AED0012947D /* Preview Assets.xcassets */,
			);
			path = "Preview Content";
			sourceTree = "<group>";
		};
		E4C708E72B7A424500035B1A /* Config */ = {
			isa = PBXGroup;
			children = (
				E4C708E82B7A424500035B1A /* GenerativeAI-Info.plist */,
				E4C708E92B7A424500035B1A /* APIKey.swift */,
			);
			path = Config;
			sourceTree = "<group>";
		};
/* End PBXGroup section */

/* Begin PBXNativeTarget section */
		E484E2CA2B7A1AEA0012947D /* GeminiMurderMystery */ = {
			isa = PBXNativeTarget;
			buildConfigurationList = E484E2D92B7A1AED0012947D /* Build configuration list for PBXNativeTarget "GeminiMurderMystery" */;
			buildPhases = (
				E484E2C72B7A1AEA0012947D /* Sources */,
				E484E2C82B7A1AEA0012947D /* Frameworks */,
				E484E2C92B7A1AEA0012947D /* Resources */,
			);
			buildRules = (
			);
			dependencies = (
			);
			name = GeminiMurderMystery;
			packageProductDependencies = (
				E4C708E52B7A41BC00035B1A /* GoogleGenerativeAI */,
			);
			productName = GeminiMurderMystery;
			productReference = E484E2CB2B7A1AEA0012947D /* GeminiMurderMystery.app */;
			productType = "com.apple.product-type.application";
		};
/* End PBXNativeTarget section */

/* Begin PBXProject section */
		E484E2C32B7A1AEA0012947D /* Project object */ = {
			isa = PBXProject;
			attributes = {
				BuildIndependentTargetsInParallel = 1;
				LastSwiftUpdateCheck = 1430;
				LastUpgradeCheck = 1500;
				TargetAttributes = {
					E484E2CA2B7A1AEA0012947D = {
						CreatedOnToolsVersion = 14.3;
					};
				};
			};
			buildConfigurationList = E484E2C62B7A1AEA0012947D /* Build configuration list for PBXProject "GeminiMurderMystery" */;
			compatibilityVersion = "Xcode 14.0";
			developmentRegion = en;
			hasScannedForEncodings = 0;
			knownRegions = (
				en,
				Base,
			);
			mainGroup = E484E2C22B7A1AEA0012947D;
			packageReferences = (
				E4C708E42B7A41BC00035B1A /* XCRemoteSwiftPackageReference "generative-ai-swift" */,
			);
			productRefGroup = E484E2CC2B7A1AEA0012947D /* Products */;
			projectDirPath = "";
			projectRoot = "";
			targets = (
				E484E2CA2B7A1AEA0012947D /* GeminiMurderMystery */,
			);
		};
/* End PBXProject section */

/* Begin PBXResourcesBuildPhase section */
		E484E2C92B7A1AEA0012947D /* Resources */ = {
			isa = PBXResourcesBuildPhase;
			buildActionMask = 2147483647;
			files = (
				E484E2D62B7A1AED0012947D /* Preview Assets.xcassets in Resources */,
				E484E2D32B7A1AED0012947D /* Assets.xcassets in Resources */,
				E4C708EA2B7A424500035B1A /* GenerativeAI-Info.plist in Resources */,
			);
			runOnlyForDeploymentPostprocessing = 0;
		};
/* End PBXResourcesBuildPhase section */

/* Begin PBXSourcesBuildPhase section */
		E484E2C72B7A1AEA0012947D /* Sources */ = {
			isa = PBXSourcesBuildPhase;
			buildActionMask = 2147483647;
			files = (
				E484E2D12B7A1AEB0012947D /* ContentView.swift in Sources */,
				E484E2DD2B7A27340012947D /* TypewriterView.swift in Sources */,
				E4092FD02B7B6083000B17B3 /* GameState.swift in Sources */,
				E4C708EB2B7A424500035B1A /* APIKey.swift in Sources */,
				E484E2CF2B7A1AEB0012947D /* GeminiMurderMysteryApp.swift in Sources */,
			);
			runOnlyForDeploymentPostprocessing = 0;
		};
/* End PBXSourcesBuildPhase section */

/* Begin XCBuildConfiguration section */
		E484E2D72B7A1AED0012947D /* Debug */ = {
			isa = XCBuildConfiguration;
			buildSettings = {
				ALWAYS_SEARCH_USER_PATHS = NO;
				ASSETCATALOG_COMPILER_GENERATE_SWIFT_ASSET_SYMBOL_EXTENSIONS = YES;
				CLANG_ANALYZER_NONNULL = YES;
				CLANG_ANALYZER_NUMBER_OBJECT_CONVERSION = YES_AGGRESSIVE;
				CLANG_CXX_LANGUAGE_STANDARD = "gnu++20";
				CLANG_ENABLE_MODULES = YES;
				CLANG_ENABLE_OBJC_ARC = YES;
				CLANG_ENABLE_OBJC_WEAK = YES;
				CLANG_WARN_BLOCK_CAPTURE_AUTORELEASING = YES;
				CLANG_WARN_BOOL_CONVERSION = YES;
				CLANG_WARN_COMMA = YES;
				CLANG_WARN_CONSTANT_CONVERSION = YES;
				CLANG_WARN_DEPRECATED_OBJC_IMPLEMENTATIONS = YES;
				CLANG_WARN_DIRECT_OBJC_ISA_USAGE = YES_ERROR;
				CLANG_WARN_DOCUMENTATION_COMMENTS = YES;
				CLANG_WARN_EMPTY_BODY = YES;
				CLANG_WARN_ENUM_CONVERSION = YES;
				CLANG_WARN_INFINITE_RECURSION = YES;
				CLANG_WARN_INT_CONVERSION = YES;
				CLANG_WARN_NON_LITERAL_NULL_CONVERSION = YES;
				CLANG_WARN_OBJC_IMPLICIT_RETAIN_SELF = YES;
				CLANG_WARN_OBJC_LITERAL_CONVERSION = YES;
				CLANG_WARN_OBJC_ROOT_CLASS = YES_ERROR;
				CLANG_WARN_QUOTED_INCLUDE_IN_FRAMEWORK_HEADER = YES;
				CLANG_WARN_RANGE_LOOP_ANALYSIS = YES;
				CLANG_WARN_STRICT_PROTOTYPES = YES;
				CLANG_WARN_SUSPICIOUS_MOVE = YES;
				CLANG_WARN_UNGUARDED_AVAILABILITY = YES_AGGRESSIVE;
				CLANG_WARN_UNREACHABLE_CODE = YES;
				CLANG_WARN__DUPLICATE_METHOD_MATCH = YES;
				COPY_PHASE_STRIP = NO;
				DEBUG_INFORMATION_FORMAT = dwarf;
				ENABLE_STRICT_OBJC_MSGSEND = YES;
				ENABLE_TESTABILITY = YES;
				ENABLE_USER_SCRIPT_SANDBOXING = YES;
				GCC_C_LANGUAGE_STANDARD = gnu11;
				GCC_DYNAMIC_NO_PIC = NO;
				GCC_NO_COMMON_BLOCKS = YES;
				GCC_OPTIMIZATION_LEVEL = 0;
				GCC_PREPROCESSOR_DEFINITIONS = (
					"DEBUG=1",
					"$(inherited)",
				);
				GCC_WARN_64_TO_32_BIT_CONVERSION = YES;
				GCC_WARN_ABOUT_RETURN_TYPE = YES_ERROR;
				GCC_WARN_UNDECLARED_SELECTOR = YES;
				GCC_WARN_UNINITIALIZED_AUTOS = YES_AGGRESSIVE;
				GCC_WARN_UNUSED_FUNCTION = YES;
				GCC_WARN_UNUSED_VARIABLE = YES;
				IPHONEOS_DEPLOYMENT_TARGET = 16.4;
				MTL_ENABLE_DEBUG_INFO = INCLUDE_SOURCE;
				MTL_FAST_MATH = YES;
				ONLY_ACTIVE_ARCH = YES;
				SDKROOT = iphoneos;
				SWIFT_ACTIVE_COMPILATION_CONDITIONS = DEBUG;
				SWIFT_OPTIMIZATION_LEVEL = "-Onone";
			};
			name = Debug;
		};
		E484E2D82B7A1AED0012947D /* Release */ = {
			isa = XCBuildConfiguration;
			buildSettings = {
				ALWAYS_SEARCH_USER_PATHS = NO;
				ASSETCATALOG_COMPILER_GENERATE_SWIFT_ASSET_SYMBOL_EXTENSIONS = YES;
				CLANG_ANALYZER_NONNULL = YES;
				CLANG_ANALYZER_NUMBER_OBJECT_CONVERSION = YES_AGGRESSIVE;
				CLANG_CXX_LANGUAGE_STANDARD = "gnu++20";
				CLANG_ENABLE_MODULES = YES;
				CLANG_ENABLE_OBJC_ARC = YES;
				CLANG_ENABLE_OBJC_WEAK = YES;
				CLANG_WARN_BLOCK_CAPTURE_AUTORELEASING = YES;
				CLANG_WARN_BOOL_CONVERSION = YES;
				CLANG_WARN_COMMA = YES;
				CLANG_WARN_CONSTANT_CONVERSION = YES;
				CLANG_WARN_DEPRECATED_OBJC_IMPLEMENTATIONS = YES;
				CLANG_WARN_DIRECT_OBJC_ISA_USAGE = YES_ERROR;
				CLANG_WARN_DOCUMENTATION_COMMENTS = YES;
				CLANG_WARN_EMPTY_BODY = YES;
				CLANG_WARN_ENUM_CONVERSION = YES;
				CLANG_WARN_INFINITE_RECURSION = YES;
				CLANG_WARN_INT_CONVERSION = YES;
				CLANG_WARN_NON_LITERAL_NULL_CONVERSION = YES;
				CLANG_WARN_OBJC_IMPLICIT_RETAIN_SELF = YES;
				CLANG_WARN_OBJC_LITERAL_CONVERSION = YES;
				CLANG_WARN_OBJC_ROOT_CLASS = YES_ERROR;
				CLANG_WARN_QUOTED_INCLUDE_IN_FRAMEWORK_HEADER = YES;
				CLANG_WARN_RANGE_LOOP_ANALYSIS = YES;
				CLANG_WARN_STRICT_PROTOTYPES = YES;
				CLANG_WARN_SUSPICIOUS_MOVE = YES;
				CLANG_WARN_UNGUARDED_AVAILABILITY = YES_AGGRESSIVE;
				CLANG_WARN_UNREACHABLE_CODE = YES;
				CLANG_WARN__DUPLICATE_METHOD_MATCH = YES;
				COPY_PHASE_STRIP = NO;
				DEBUG_INFORMATION_FORMAT = "dwarf-with-dsym";
				ENABLE_NS_ASSERTIONS = NO;
				ENABLE_STRICT_OBJC_MSGSEND = YES;
				ENABLE_USER_SCRIPT_SANDBOXING = YES;
				GCC_C_LANGUAGE_STANDARD = gnu11;
				GCC_NO_COMMON_BLOCKS = YES;
				GCC_WARN_64_TO_32_BIT_CONVERSION = YES;
				GCC_WARN_ABOUT_RETURN_TYPE = YES_ERROR;
				GCC_WARN_UNDECLARED_SELECTOR = YES;
				GCC_WARN_UNINITIALIZED_AUTOS = YES_AGGRESSIVE;
				GCC_WARN_UNUSED_FUNCTION = YES;
				GCC_WARN_UNUSED_VARIABLE = YES;
				IPHONEOS_DEPLOYMENT_TARGET = 16.4;
				MTL_ENABLE_DEBUG_INFO = NO;
				MTL_FAST_MATH = YES;
				SDKROOT = iphoneos;
				SWIFT_COMPILATION_MODE = wholemodule;
				SWIFT_OPTIMIZATION_LEVEL = "-O";
				VALIDATE_PRODUCT = YES;
			};
			name = Release;
		};
		E484E2DA2B7A1AED0012947D /* Debug */ = {
			isa = XCBuildConfiguration;
			buildSettings = {
				ASSETCATALOG_COMPILER_APPICON_NAME = AppIcon;
				ASSETCATALOG_COMPILER_GLOBAL_ACCENT_COLOR_NAME = AccentColor;
				CODE_SIGN_STYLE = Automatic;
				CURRENT_PROJECT_VERSION = 1;
				DEVELOPMENT_ASSET_PATHS = "\"GeminiMurderMystery/Preview Content\"";
				ENABLE_PREVIEWS = YES;
				GENERATE_INFOPLIST_FILE = YES;
				INFOPLIST_KEY_UIApplicationSceneManifest_Generation = YES;
				INFOPLIST_KEY_UIApplicationSupportsIndirectInputEvents = YES;
				INFOPLIST_KEY_UILaunchScreen_Generation = YES;
				INFOPLIST_KEY_UISupportedInterfaceOrientations_iPad = "UIInterfaceOrientationPortrait UIInterfaceOrientationPortraitUpsideDown UIInterfaceOrientationLandscapeLeft UIInterfaceOrientationLandscapeRight";
				INFOPLIST_KEY_UISupportedInterfaceOrientations_iPhone = "UIInterfaceOrientationPortrait UIInterfaceOrientationLandscapeLeft UIInterfaceOrientationLandscapeRight";
				LD_RUNPATH_SEARCH_PATHS = (
					"$(inherited)",
					"@executable_path/Frameworks",
				);
				MARKETING_VERSION = 1.0;
				PRODUCT_BUNDLE_IDENTIFIER = com.anupdsouza.GeminiMurderMystery;
				PRODUCT_NAME = "$(TARGET_NAME)";
				SWIFT_EMIT_LOC_STRINGS = YES;
				SWIFT_VERSION = 5.0;
				TARGETED_DEVICE_FAMILY = "1,2";
			};
			name = Debug;
		};
		E484E2DB2B7A1AED0012947D /* Release */ = {
			isa = XCBuildConfiguration;
			buildSettings = {
				ASSETCATALOG_COMPILER_APPICON_NAME = AppIcon;
				ASSETCATALOG_COMPILER_GLOBAL_ACCENT_COLOR_NAME = AccentColor;
				CODE_SIGN_STYLE = Automatic;
				CURRENT_PROJECT_VERSION = 1;
				DEVELOPMENT_ASSET_PATHS = "\"GeminiMurderMystery/Preview Content\"";
				ENABLE_PREVIEWS = YES;
				GENERATE_INFOPLIST_FILE = YES;
				INFOPLIST_KEY_UIApplicationSceneManifest_Generation = YES;
				INFOPLIST_KEY_UIApplicationSupportsIndirectInputEvents = YES;
				INFOPLIST_KEY_UILaunchScreen_Generation = YES;
				INFOPLIST_KEY_UISupportedInterfaceOrientations_iPad = "UIInterfaceOrientationPortrait UIInterfaceOrientationPortraitUpsideDown UIInterfaceOrientationLandscapeLeft UIInterfaceOrientationLandscapeRight";
				INFOPLIST_KEY_UISupportedInterfaceOrientations_iPhone = "UIInterfaceOrientationPortrait UIInterfaceOrientationLandscapeLeft UIInterfaceOrientationLandscapeRight";
				LD_RUNPATH_SEARCH_PATHS = (
					"$(inherited)",
					"@executable_path/Frameworks",
				);
				MARKETING_VERSION = 1.0;
				PRODUCT_BUNDLE_IDENTIFIER = com.anupdsouza.GeminiMurderMystery;
				PRODUCT_NAME = "$(TARGET_NAME)";
				SWIFT_EMIT_LOC_STRINGS = YES;
				SWIFT_VERSION = 5.0;
				TARGETED_DEVICE_FAMILY = "1,2";
			};
			name = Release;
		};
/* End XCBuildConfiguration section */

/* Begin XCConfigurationList section */
		E484E2C62B7A1AEA0012947D /* Build configuration list for PBXProject "GeminiMurderMystery" */ = {
			isa = XCConfigurationList;
			buildConfigurations = (
				E484E2D72B7A1AED0012947D /* Debug */,
				E484E2D82B7A1AED0012947D /* Release */,
			);
			defaultConfigurationIsVisible = 0;
			defaultConfigurationName = Release;
		};
		E484E2D92B7A1AED0012947D /* Build configuration list for PBXNativeTarget "GeminiMurderMystery" */ = {
			isa = XCConfigurationList;
			buildConfigurations = (
				E484E2DA2B7A1AED0012947D /* Debug */,
				E484E2DB2B7A1AED0012947D /* Release */,
			);
			defaultConfigurationIsVisible = 0;
			defaultConfigurationName = Release;
		};
/* End XCConfigurationList section */

/* Begin XCRemoteSwiftPackageReference section */
		E4C708E42B7A41BC00035B1A /* XCRemoteSwiftPackageReference "generative-ai-swift" */ = {
			isa = XCRemoteSwiftPackageReference;
			repositoryURL = "https://github.com/google/generative-ai-swift";
			requirement = {
				kind = upToNextMajorVersion;
				minimumVersion = 0.4.7;
			};
		};
/* End XCRemoteSwiftPackageReference section */

/* Begin XCSwiftPackageProductDependency section */
		E4C708E52B7A41BC00035B1A /* GoogleGenerativeAI */ = {
			isa = XCSwiftPackageProductDependency;
			package = E4C708E42B7A41BC00035B1A /* XCRemoteSwiftPackageReference "generative-ai-swift" */;
			productName = GoogleGenerativeAI;
		};
/* End XCSwiftPackageProductDependency section */
	};
	rootObject = E484E2C32B7A1AEA0012947D /* Project object */;
}
